
Microsoft Visual Studio Solution File, Format Version 12.00
# Visual Studio Version 17
VisualStudioVersion = 17.7.34202.233
MinimumVisualStudioVersion = 10.0.40219.1
Project("{FAE04EC0-301F-11D3-BF4B-00C04F79EFBC}") = "Form1", "Form1.csproj", "{6EAAFEC6-01CD-4617-BB22-30840AEFF2DA}"
EndProject
Global
	GlobalSection(SolutionConfigurationPlatforms) = preSolution
		Debug|Any CPU = Debug|Any CPU
		Release|Any CPU = Release|Any CPU
	EndGlobalSection
	GlobalSection(ProjectConfigurationPlatforms) = postSolution
		{6EAAFEC6-01CD-4617-BB22-30840AEFF2DA}.Debug|Any CPU.ActiveCfg = Debug|Any CPU
		{6EAAFEC6-01CD-4617-BB22-30840AEFF2DA}.Debug|Any CPU.Build.0 = Debug|Any CPU
		{6EAAFEC6-01CD-4617-BB22-30840AEFF2DA}.Release|Any CPU.ActiveCfg = Release|Any CPU
		{6EAAFEC6-01CD-4617-BB22-30840AEFF2DA}.Release|Any CPU.Build.0 = Release|Any CPU
	EndGlobalSection
	GlobalSection(SolutionProperties) = preSolution
		HideSolutionNode = FALSE
	EndGlobalSection
	GlobalSection(ExtensibilityGlobals) = postSolution
		SolutionGuid = {D87D84D4-84C5-4175-9854-DD5B5C22FBCD}
	EndGlobalSection
EndGlobal
